
Microsoft Visual Studio Solution File, Format Version 12.00
# Visual Studio Version 16
VisualStudioVersion = 16.0.30011.22
MinimumVisualStudioVersion = 10.0.40219.1
Project("{FAE04EC0-301F-11D3-BF4B-00C04F79EFBC}") = "ParseDnsZoneFile", "ParseDnsZoneFile\ParseDnsZoneFile.csproj", "{7C6A771B-1530-4D1B-8CF2-8121BFB1147E}"
EndProject
Global
	GlobalSection(SolutionConfigurationPlatforms) = preSolution
		Debug|Any CPU = Debug|Any CPU
		Release|Any CPU = Release|Any CPU
	EndGlobalSection
	GlobalSection(ProjectConfigurationPlatforms) = postSolution
		{7C6A771B-1530-4D1B-8CF2-8121BFB1147E}.Debug|Any CPU.ActiveCfg = Debug|Any CPU
		{7C6A771B-1530-4D1B-8CF2-8121BFB1147E}.Debug|Any CPU.Build.0 = Debug|Any CPU
		{7C6A771B-1530-4D1B-8CF2-8121BFB1147E}.Release|Any CPU.ActiveCfg = Release|Any CPU
		{7C6A771B-1530-4D1B-8CF2-8121BFB1147E}.Release|Any CPU.Build.0 = Release|Any CPU
	EndGlobalSection
	GlobalSection(SolutionProperties) = preSolution
		HideSolutionNode = FALSE
	EndGlobalSection
	GlobalSection(ExtensibilityGlobals) = postSolution
		SolutionGuid = {854E26BA-643F-46E6-9191-F925943B2CEA}
	EndGlobalSection
EndGlobal
